
Microsoft Visual Studio Solution File, Format Version 12.00
# Visual Studio 15
VisualStudioVersion = 15.0.25428.1
MinimumVisualStudioVersion = 10.0.40219.1
Project("{FAE04EC0-301F-11D3-BF4B-00C04F79EFBC}") = "Poz1.ImageGallery.Droid", "Poz1.ImageGallery\Poz1.ImageGallery.Droid\Poz1.ImageGallery.Droid.csproj", "{8A6AD245-D955-4B3E-823B-5477868850DD}"
EndProject
Project("{FAE04EC0-301F-11D3-BF4B-00C04F79EFBC}") = "Poz1.ImageGallery.iOS", "Poz1.ImageGallery\Poz1.ImageGallery.iOS\Poz1.ImageGallery.iOS.csproj", "{5BB83BFF-52F6-4348-AE90-5EB020E5D612}"
EndProject
Project("{FAE04EC0-301F-11D3-BF4B-00C04F79EFBC}") = "Poz1.ImageGallery.UWP", "Poz1.ImageGallery\Poz1.ImageGallery.UWP\Poz1.ImageGallery.UWP.csproj", "{66CBF675-229D-48E7-8844-9593195430A1}"
EndProject
Project("{FAE04EC0-301F-11D3-BF4B-00C04F79EFBC}") = "Poz1.ImageGallery", "Poz1.ImageGallery\Poz1.ImageGallery\Poz1.ImageGallery.csproj", "{19F47E35-D021-4CEA-815F-E3C58EB73E36}"
EndProject
Global
	GlobalSection(SolutionConfigurationPlatforms) = preSolution
		Ad-Hoc|Any CPU = Ad-Hoc|Any CPU
		Ad-Hoc|ARM = Ad-Hoc|ARM
		Ad-Hoc|iPhone = Ad-Hoc|iPhone
		Ad-Hoc|iPhoneSimulator = Ad-Hoc|iPhoneSimulator
		Ad-Hoc|x64 = Ad-Hoc|x64
		Ad-Hoc|x86 = Ad-Hoc|x86
		AppStore|Any CPU = AppStore|Any CPU
		AppStore|ARM = AppStore|ARM
		AppStore|iPhone = AppStore|iPhone
		AppStore|iPhoneSimulator = AppStore|iPhoneSimulator
		AppStore|x64 = AppStore|x64
		AppStore|x86 = AppStore|x86
		Debug|Any CPU = Debug|Any CPU
		Debug|ARM = Debug|ARM
		Debug|iPhone = Debug|iPhone
		Debug|iPhoneSimulator = Debug|iPhoneSimulator
		Debug|x64 = Debug|x64
		Debug|x86 = Debug|x86
		Release|Any CPU = Release|Any CPU
		Release|ARM = Release|ARM
		Release|iPhone = Release|iPhone
		Release|iPhoneSimulator = Release|iPhoneSimulator
		Release|x64 = Release|x64
		Release|x86 = Release|x86
	EndGlobalSection
	GlobalSection(ProjectConfigurationPlatforms) = postSolution
		{8A6AD245-D955-4B3E-823B-5477868850DD}.Ad-Hoc|Any CPU.ActiveCfg = Release|Any CPU
		{8A6AD245-D955-4B3E-823B-5477868850DD}.Ad-Hoc|Any CPU.Build.0 = Release|Any CPU
		{8A6AD245-D955-4B3E-823B-5477868850DD}.Ad-Hoc|Any CPU.Deploy.0 = Release|Any CPU
		{8A6AD245-D955-4B3E-823B-5477868850DD}.Ad-Hoc|ARM.ActiveCfg = Release|Any CPU
		{8A6AD245-D955-4B3E-823B-5477868850DD}.Ad-Hoc|ARM.Build.0 = Release|Any CPU
		{8A6AD245-D955-4B3E-823B-5477868850DD}.Ad-Hoc|ARM.Deploy.0 = Release|Any CPU
		{8A6AD245-D955-4B3E-823B-5477868850DD}.Ad-Hoc|iPhone.ActiveCfg = Release|Any CPU
		{8A6AD245-D955-4B3E-823B-5477868850DD}.Ad-Hoc|iPhone.Build.0 = Release|Any CPU
		{8A6AD245-D955-4B3E-823B-5477868850DD}.Ad-Hoc|iPhone.Deploy.0 = Release|Any CPU
		{8A6AD245-D955-4B3E-823B-5477868850DD}.Ad-Hoc|iPhoneSimulator.ActiveCfg = Release|Any CPU
		{8A6AD245-D955-4B3E-823B-5477868850DD}.Ad-Hoc|iPhoneSimulator.Build.0 = Release|Any CPU
		{8A6AD245-D955-4B3E-823B-5477868850DD}.Ad-Hoc|iPhoneSimulator.Deploy.0 = Release|Any CPU
		{8A6AD245-D955-4B3E-823B-5477868850DD}.Ad-Hoc|x64.ActiveCfg = Release|Any CPU
		{8A6AD245-D955-4B3E-823B-5477868850DD}.Ad-Hoc|x64.Build.0 = Release|Any CPU
		{8A6AD245-D955-4B3E-823B-5477868850DD}.Ad-Hoc|x64.Deploy.0 = Release|Any CPU
		{8A6AD245-D955-4B3E-823B-5477868850DD}.Ad-Hoc|x86.ActiveCfg = Release|Any CPU
		{8A6AD245-D955-4B3E-823B-5477868850DD}.Ad-Hoc|x86.Build.0 = Release|Any CPU
		{8A6AD245-D955-4B3E-823B-5477868850DD}.Ad-Hoc|x86.Deploy.0 = Release|Any CPU
		{8A6AD245-D955-4B3E-823B-5477868850DD}.AppStore|Any CPU.ActiveCfg = Release|Any CPU
		{8A6AD245-D955-4B3E-823B-5477868850DD}.AppStore|Any CPU.Build.0 = Release|Any CPU
		{8A6AD245-D955-4B3E-823B-5477868850DD}.AppStore|Any CPU.Deploy.0 = Release|Any CPU
		{8A6AD245-D955-4B3E-823B-5477868850DD}.AppStore|ARM.ActiveCfg = Release|Any CPU
		{8A6AD245-D955-4B3E-823B-5477868850DD}.AppStore|ARM.Build.0 = Release|Any CPU
		{8A6AD245-D955-4B3E-823B-5477868850DD}.AppStore|ARM.Deploy.0 = Release|Any CPU
		{8A6AD245-D955-4B3E-823B-5477868850DD}.AppStore|iPhone.ActiveCfg = Release|Any CPU
		{8A6AD245-D955-4B3E-823B-5477868850DD}.AppStore|iPhone.Build.0 = Release|Any CPU
		{8A6AD245-D955-4B3E-823B-5477868850DD}.AppStore|iPhone.Deploy.0 = Release|Any CPU
		{8A6AD245-D955-4B3E-823B-5477868850DD}.AppStore|iPhoneSimulator.ActiveCfg = Release|Any CPU
		{8A6AD245-D955-4B3E-823B-5477868850DD}.AppStore|iPhoneSimulator.Build.0 = Release|Any CPU
		{8A6AD245-D955-4B3E-823B-5477868850DD}.AppStore|iPhoneSimulator.Deploy.0 = Release|Any CPU
		{8A6AD245-D955-4B3E-823B-5477868850DD}.AppStore|x64.ActiveCfg = Release|Any CPU
		{8A6AD245-D955-4B3E-823B-5477868850DD}.AppStore|x64.Build.0 = Release|Any CPU
		{8A6AD245-D955-4B3E-823B-5477868850DD}.AppStore|x64.Deploy.0 = Release|Any CPU
		{8A6AD245-D955-4B3E-823B-5477868850DD}.AppStore|x86.ActiveCfg = Release|Any CPU
		{8A6AD245-D955-4B3E-823B-5477868850DD}.AppStore|x86.Build.0 = Release|Any CPU
		{8A6AD245-D955-4B3E-823B-5477868850DD}.AppStore|x86.Deploy.0 = Release|Any CPU
		{8A6AD245-D955-4B3E-823B-5477868850DD}.Debug|Any CPU.ActiveCfg = Debug|Any CPU
		{8A6AD245-D955-4B3E-823B-5477868850DD}.Debug|Any CPU.Build.0 = Debug|Any CPU
		{8A6AD245-D955-4B3E-823B-5477868850DD}.Debug|Any CPU.Deploy.0 = Debug|Any CPU
		{8A6AD245-D955-4B3E-823B-5477868850DD}.Debug|ARM.ActiveCfg = Debug|Any CPU
		{8A6AD245-D955-4B3E-823B-5477868850DD}.Debug|ARM.Build.0 = Debug|Any CPU
		{8A6AD245-D955-4B3E-823B-5477868850DD}.Debug|ARM.Deploy.0 = Debug|Any CPU
		{8A6AD245-D955-4B3E-823B-5477868850DD}.Debug|iPhone.ActiveCfg = Debug|Any CPU
		{8A6AD245-D955-4B3E-823B-5477868850DD}.Debug|iPhone.Build.0 = Debug|Any CPU
		{8A6AD245-D955-4B3E-823B-5477868850DD}.Debug|iPhone.Deploy.0 = Debug|Any CPU
		{8A6AD245-D955-4B3E-823B-5477868850DD}.Debug|iPhoneSimulator.ActiveCfg = Debug|Any CPU
		{8A6AD245-D955-4B3E-823B-5477868850DD}.Debug|iPhoneSimulator.Build.0 = Debug|Any CPU
		{8A6AD245-D955-4B3E-823B-5477868850DD}.Debug|iPhoneSimulator.Deploy.0 = Debug|Any CPU
		{8A6AD245-D955-4B3E-823B-5477868850DD}.Debug|x64.ActiveCfg = Debug|Any CPU
		{8A6AD245-D955-4B3E-823B-5477868850DD}.Debug|x64.Build.0 = Debug|Any CPU
		{8A6AD245-D955-4B3E-823B-5477868850DD}.Debug|x64.Deploy.0 = Debug|Any CPU
		{8A6AD245-D955-4B3E-823B-5477868850DD}.Debug|x86.ActiveCfg = Debug|Any CPU
		{8A6AD245-D955-4B3E-823B-5477868850DD}.Debug|x86.Build.0 = Debug|Any CPU
		{8A6AD245-D955-4B3E-823B-5477868850DD}.Debug|x86.Deploy.0 = Debug|Any CPU
		{8A6AD245-D955-4B3E-823B-5477868850DD}.Release|Any CPU.ActiveCfg = Release|Any CPU
		{8A6AD245-D955-4B3E-823B-5477868850DD}.Release|Any CPU.Build.0 = Release|Any CPU
		{8A6AD245-D955-4B3E-823B-5477868850DD}.Release|Any CPU.Deploy.0 = Release|Any CPU
		{8A6AD245-D955-4B3E-823B-5477868850DD}.Release|ARM.ActiveCfg = Release|Any CPU
		{8A6AD245-D955-4B3E-823B-5477868850DD}.Release|ARM.Build.0 = Release|Any CPU
		{8A6AD245-D955-4B3E-823B-5477868850DD}.Release|ARM.Deploy.0 = Release|Any CPU
		{8A6AD245-D955-4B3E-823B-5477868850DD}.Release|iPhone.ActiveCfg = Release|Any CPU
		{8A6AD245-D955-4B3E-823B-5477868850DD}.Release|iPhone.Build.0 = Release|Any CPU
		{8A6AD245-D955-4B3E-823B-5477868850DD}.Release|iPhone.Deploy.0 = Release|Any CPU
		{8A6AD245-D955-4B3E-823B-5477868850DD}.Release|iPhoneSimulator.ActiveCfg = Release|Any CPU
		{8A6AD245-D955-4B3E-823B-5477868850DD}.Release|iPhoneSimulator.Build.0 = Release|Any CPU
		{8A6AD245-D955-4B3E-823B-5477868850DD}.Release|iPhoneSimulator.Deploy.0 = Release|Any CPU
		{8A6AD245-D955-4B3E-823B-5477868850DD}.Release|x64.ActiveCfg = Release|Any CPU
		{8A6AD245-D955-4B3E-823B-5477868850DD}.Release|x64.Build.0 = Release|Any CPU
		{8A6AD245-D955-4B3E-823B-5477868850DD}.Release|x64.Deploy.0 = Release|Any CPU
		{8A6AD245-D955-4B3E-823B-5477868850DD}.Release|x86.ActiveCfg = Release|Any CPU
		{8A6AD245-D955-4B3E-823B-5477868850DD}.Release|x86.Build.0 = Release|Any CPU
		{8A6AD245-D955-4B3E-823B-5477868850DD}.Release|x86.Deploy.0 = Release|Any CPU
		{5BB83BFF-52F6-4348-AE90-5EB020E5D612}.Ad-Hoc|Any CPU.ActiveCfg = Ad-Hoc|iPhone
		{5BB83BFF-52F6-4348-AE90-5EB020E5D612}.Ad-Hoc|ARM.ActiveCfg = Ad-Hoc|iPhone
		{5BB83BFF-52F6-4348-AE90-5EB020E5D612}.Ad-Hoc|iPhone.ActiveCfg = Ad-Hoc|iPhone
		{5BB83BFF-52F6-4348-AE90-5EB020E5D612}.Ad-Hoc|iPhone.Build.0 = Ad-Hoc|iPhone
		{5BB83BFF-52F6-4348-AE90-5EB020E5D612}.Ad-Hoc|iPhoneSimulator.ActiveCfg = Ad-Hoc|iPhoneSimulator
		{5BB83BFF-52F6-4348-AE90-5EB020E5D612}.Ad-Hoc|iPhoneSimulator.Build.0 = Ad-Hoc|iPhoneSimulator
		{5BB83BFF-52F6-4348-AE90-5EB020E5D612}.Ad-Hoc|x64.ActiveCfg = Ad-Hoc|iPhone
		{5BB83BFF-52F6-4348-AE90-5EB020E5D612}.Ad-Hoc|x86.ActiveCfg = Ad-Hoc|iPhone
		{5BB83BFF-52F6-4348-AE90-5EB020E5D612}.AppStore|Any CPU.ActiveCfg = AppStore|iPhone
		{5BB83BFF-52F6-4348-AE90-5EB020E5D612}.AppStore|ARM.ActiveCfg = AppStore|iPhone
		{5BB83BFF-52F6-4348-AE90-5EB020E5D612}.AppStore|iPhone.ActiveCfg = AppStore|iPhone
		{5BB83BFF-52F6-4348-AE90-5EB020E5D612}.AppStore|iPhone.Build.0 = AppStore|iPhone
		{5BB83BFF-52F6-4348-AE90-5EB020E5D612}.AppStore|iPhoneSimulator.ActiveCfg = AppStore|iPhoneSimulator
		{5BB83BFF-52F6-4348-AE90-5EB020E5D612}.AppStore|iPhoneSimulator.Build.0 = AppStore|iPhoneSimulator
		{5BB83BFF-52F6-4348-AE90-5EB020E5D612}.AppStore|x64.ActiveCfg = AppStore|iPhone
		{5BB83BFF-52F6-4348-AE90-5EB020E5D612}.AppStore|x86.ActiveCfg = AppStore|iPhone
		{5BB83BFF-52F6-4348-AE90-5EB020E5D612}.Debug|Any CPU.ActiveCfg = Debug|iPhone
		{5BB83BFF-52F6-4348-AE90-5EB020E5D612}.Debug|ARM.ActiveCfg = Debug|iPhone
		{5BB83BFF-52F6-4348-AE90-5EB020E5D612}.Debug|iPhone.ActiveCfg = Debug|iPhone
		{5BB83BFF-52F6-4348-AE90-5EB020E5D612}.Debug|iPhone.Build.0 = Debug|iPhone
		{5BB83BFF-52F6-4348-AE90-5EB020E5D612}.Debug|iPhoneSimulator.ActiveCfg = Debug|iPhoneSimulator
		{5BB83BFF-52F6-4348-AE90-5EB020E5D612}.Debug|iPhoneSimulator.Build.0 = Debug|iPhoneSimulator
		{5BB83BFF-52F6-4348-AE90-5EB020E5D612}.Debug|x64.ActiveCfg = Debug|iPhone
		{5BB83BFF-52F6-4348-AE90-5EB020E5D612}.Debug|x86.ActiveCfg = Debug|iPhone
		{5BB83BFF-52F6-4348-AE90-5EB020E5D612}.Release|Any CPU.ActiveCfg = Release|iPhone
		{5BB83BFF-52F6-4348-AE90-5EB020E5D612}.Release|ARM.ActiveCfg = Release|iPhone
		{5BB83BFF-52F6-4348-AE90-5EB020E5D612}.Release|iPhone.ActiveCfg = Release|iPhone
		{5BB83BFF-52F6-4348-AE90-5EB020E5D612}.Release|iPhone.Build.0 = Release|iPhone
		{5BB83BFF-52F6-4348-AE90-5EB020E5D612}.Release|iPhoneSimulator.ActiveCfg = Release|iPhoneSimulator
		{5BB83BFF-52F6-4348-AE90-5EB020E5D612}.Release|iPhoneSimulator.Build.0 = Release|iPhoneSimulator
		{5BB83BFF-52F6-4348-AE90-5EB020E5D612}.Release|x64.ActiveCfg = Release|iPhone
		{5BB83BFF-52F6-4348-AE90-5EB020E5D612}.Release|x86.ActiveCfg = Release|iPhone
		{66CBF675-229D-48E7-8844-9593195430A1}.Ad-Hoc|Any CPU.ActiveCfg = Release|x86
		{66CBF675-229D-48E7-8844-9593195430A1}.Ad-Hoc|Any CPU.Build.0 = Release|x86
		{66CBF675-229D-48E7-8844-9593195430A1}.Ad-Hoc|Any CPU.Deploy.0 = Release|x86
		{66CBF675-229D-48E7-8844-9593195430A1}.Ad-Hoc|ARM.ActiveCfg = Release|ARM
		{66CBF675-229D-48E7-8844-9593195430A1}.Ad-Hoc|ARM.Build.0 = Release|ARM
		{66CBF675-229D-48E7-8844-9593195430A1}.Ad-Hoc|ARM.Deploy.0 = Release|ARM
		{66CBF675-229D-48E7-8844-9593195430A1}.Ad-Hoc|iPhone.ActiveCfg = Release|x86
		{66CBF675-229D-48E7-8844-9593195430A1}.Ad-Hoc|iPhone.Build.0 = Release|x86
		{66CBF675-229D-48E7-8844-9593195430A1}.Ad-Hoc|iPhone.Deploy.0 = Release|x86
		{66CBF675-229D-48E7-8844-9593195430A1}.Ad-Hoc|iPhoneSimulator.ActiveCfg = Release|x86
		{66CBF675-229D-48E7-8844-9593195430A1}.Ad-Hoc|iPhoneSimulator.Build.0 = Release|x86
		{66CBF675-229D-48E7-8844-9593195430A1}.Ad-Hoc|iPhoneSimulator.Deploy.0 = Release|x86
		{66CBF675-229D-48E7-8844-9593195430A1}.Ad-Hoc|x64.ActiveCfg = Release|x64
		{66CBF675-229D-48E7-8844-9593195430A1}.Ad-Hoc|x64.Build.0 = Release|x64
		{66CBF675-229D-48E7-8844-9593195430A1}.Ad-Hoc|x64.Deploy.0 = Release|x64
		{66CBF675-229D-48E7-8844-9593195430A1}.Ad-Hoc|x86.ActiveCfg = Release|x86
		{66CBF675-229D-48E7-8844-9593195430A1}.Ad-Hoc|x86.Build.0 = Release|x86
		{66CBF675-229D-48E7-8844-9593195430A1}.Ad-Hoc|x86.Deploy.0 = Release|x86
		{66CBF675-229D-48E7-8844-9593195430A1}.AppStore|Any CPU.ActiveCfg = Release|x86
		{66CBF675-229D-48E7-8844-9593195430A1}.AppStore|Any CPU.Build.0 = Release|x86
		{66CBF675-229D-48E7-8844-9593195430A1}.AppStore|Any CPU.Deploy.0 = Release|x86
		{66CBF675-229D-48E7-8844-9593195430A1}.AppStore|ARM.ActiveCfg = Release|ARM
		{66CBF675-229D-48E7-8844-9593195430A1}.AppStore|ARM.Build.0 = Release|ARM
		{66CBF675-229D-48E7-8844-9593195430A1}.AppStore|ARM.Deploy.0 = Release|ARM
		{66CBF675-229D-48E7-8844-9593195430A1}.AppStore|iPhone.ActiveCfg = Release|x86
		{66CBF675-229D-48E7-8844-9593195430A1}.AppStore|iPhone.Build.0 = Release|x86
		{66CBF675-229D-48E7-8844-9593195430A1}.AppStore|iPhone.Deploy.0 = Release|x86
		{66CBF675-229D-48E7-8844-9593195430A1}.AppStore|iPhoneSimulator.ActiveCfg = Release|x86
		{66CBF675-229D-48E7-8844-9593195430A1}.AppStore|iPhoneSimulator.Build.0 = Release|x86
		{66CBF675-229D-48E7-8844-9593195430A1}.AppStore|iPhoneSimulator.Deploy.0 = Release|x86
		{66CBF675-229D-48E7-8844-9593195430A1}.AppStore|x64.ActiveCfg = Release|x64
		{66CBF675-229D-48E7-8844-9593195430A1}.AppStore|x64.Build.0 = Release|x64
		{66CBF675-229D-48E7-8844-9593195430A1}.AppStore|x64.Deploy.0 = Release|x64
		{66CBF675-229D-48E7-8844-9593195430A1}.AppStore|x86.ActiveCfg = Release|x86
		{66CBF675-229D-48E7-8844-9593195430A1}.AppStore|x86.Build.0 = Release|x86
		{66CBF675-229D-48E7-8844-9593195430A1}.AppStore|x86.Deploy.0 = Release|x86
		{66CBF675-229D-48E7-8844-9593195430A1}.Debug|Any CPU.ActiveCfg = Debug|x86
		{66CBF675-229D-48E7-8844-9593195430A1}.Debug|ARM.ActiveCfg = Debug|ARM
		{66CBF675-229D-48E7-8844-9593195430A1}.Debug|ARM.Build.0 = Debug|ARM
		{66CBF675-229D-48E7-8844-9593195430A1}.Debug|ARM.Deploy.0 = Debug|ARM
		{66CBF675-229D-48E7-8844-9593195430A1}.Debug|iPhone.ActiveCfg = Debug|x86
		{66CBF675-229D-48E7-8844-9593195430A1}.Debug|iPhoneSimulator.ActiveCfg = Debug|x86
		{66CBF675-229D-48E7-8844-9593195430A1}.Debug|x64.ActiveCfg = Debug|x64
		{66CBF675-229D-48E7-8844-9593195430A1}.Debug|x64.Build.0 = Debug|x64
		{66CBF675-229D-48E7-8844-9593195430A1}.Debug|x64.Deploy.0 = Debug|x64
		{66CBF675-229D-48E7-8844-9593195430A1}.Debug|x86.ActiveCfg = Debug|x86
		{66CBF675-229D-48E7-8844-9593195430A1}.Debug|x86.Build.0 = Debug|x86
		{66CBF675-229D-48E7-8844-9593195430A1}.Debug|x86.Deploy.0 = Debug|x86
		{66CBF675-229D-48E7-8844-9593195430A1}.Release|Any CPU.ActiveCfg = Release|x86
		{66CBF675-229D-48E7-8844-9593195430A1}.Release|ARM.ActiveCfg = Release|ARM
		{66CBF675-229D-48E7-8844-9593195430A1}.Release|ARM.Build.0 = Release|ARM
		{66CBF675-229D-48E7-8844-9593195430A1}.Release|ARM.Deploy.0 = Release|ARM
		{66CBF675-229D-48E7-8844-9593195430A1}.Release|iPhone.ActiveCfg = Release|x86
		{66CBF675-229D-48E7-8844-9593195430A1}.Release|iPhoneSimulator.ActiveCfg = Release|x86
		{66CBF675-229D-48E7-8844-9593195430A1}.Release|x64.ActiveCfg = Release|x64
		{66CBF675-229D-48E7-8844-9593195430A1}.Release|x64.Build.0 = Release|x64
		{66CBF675-229D-48E7-8844-9593195430A1}.Release|x64.Deploy.0 = Release|x64
		{66CBF675-229D-48E7-8844-9593195430A1}.Release|x86.ActiveCfg = Release|x86
		{66CBF675-229D-48E7-8844-9593195430A1}.Release|x86.Build.0 = Release|x86
		{66CBF675-229D-48E7-8844-9593195430A1}.Release|x86.Deploy.0 = Release|x86
		{19F47E35-D021-4CEA-815F-E3C58EB73E36}.Ad-Hoc|Any CPU.ActiveCfg = Release|Any CPU
		{19F47E35-D021-4CEA-815F-E3C58EB73E36}.Ad-Hoc|Any CPU.Build.0 = Release|Any CPU
		{19F47E35-D021-4CEA-815F-E3C58EB73E36}.Ad-Hoc|ARM.ActiveCfg = Release|Any CPU
		{19F47E35-D021-4CEA-815F-E3C58EB73E36}.Ad-Hoc|ARM.Build.0 = Release|Any CPU
		{19F47E35-D021-4CEA-815F-E3C58EB73E36}.Ad-Hoc|iPhone.ActiveCfg = Release|Any CPU
		{19F47E35-D021-4CEA-815F-E3C58EB73E36}.Ad-Hoc|iPhone.Build.0 = Release|Any CPU
		{19F47E35-D021-4CEA-815F-E3C58EB73E36}.Ad-Hoc|iPhoneSimulator.ActiveCfg = Release|Any CPU
		{19F47E35-D021-4CEA-815F-E3C58EB73E36}.Ad-Hoc|iPhoneSimulator.Build.0 = Release|Any CPU
		{19F47E35-D021-4CEA-815F-E3C58EB73E36}.Ad-Hoc|x64.ActiveCfg = Release|Any CPU
		{19F47E35-D021-4CEA-815F-E3C58EB73E36}.Ad-Hoc|x64.Build.0 = Release|Any CPU
		{19F47E35-D021-4CEA-815F-E3C58EB73E36}.Ad-Hoc|x86.ActiveCfg = Release|Any CPU
		{19F47E35-D021-4CEA-815F-E3C58EB73E36}.Ad-Hoc|x86.Build.0 = Release|Any CPU
		{19F47E35-D021-4CEA-815F-E3C58EB73E36}.AppStore|Any CPU.ActiveCfg = Release|Any CPU
		{19F47E35-D021-4CEA-815F-E3C58EB73E36}.AppStore|Any CPU.Build.0 = Release|Any CPU
		{19F47E35-D021-4CEA-815F-E3C58EB73E36}.AppStore|ARM.ActiveCfg = Release|Any CPU
		{19F47E35-D021-4CEA-815F-E3C58EB73E36}.AppStore|ARM.Build.0 = Release|Any CPU
		{19F47E35-D021-4CEA-815F-E3C58EB73E36}.AppStore|iPhone.ActiveCfg = Release|Any CPU
		{19F47E35-D021-4CEA-815F-E3C58EB73E36}.AppStore|iPhone.Build.0 = Release|Any CPU
		{19F47E35-D021-4CEA-815F-E3C58EB73E36}.AppStore|iPhoneSimulator.ActiveCfg = Release|Any CPU
		{19F47E35-D021-4CEA-815F-E3C58EB73E36}.AppStore|iPhoneSimulator.Build.0 = Release|Any CPU
		{19F47E35-D021-4CEA-815F-E3C58EB73E36}.AppStore|x64.ActiveCfg = Release|Any CPU
		{19F47E35-D021-4CEA-815F-E3C58EB73E36}.AppStore|x64.Build.0 = Release|Any CPU
		{19F47E35-D021-4CEA-815F-E3C58EB73E36}.AppStore|x86.ActiveCfg = Release|Any CPU
		{19F47E35-D021-4CEA-815F-E3C58EB73E36}.AppStore|x86.Build.0 = Release|Any CPU
		{19F47E35-D021-4CEA-815F-E3C58EB73E36}.Debug|Any CPU.ActiveCfg = Debug|Any CPU
		{19F47E35-D021-4CEA-815F-E3C58EB73E36}.Debug|Any CPU.Build.0 = Debug|Any CPU
		{19F47E35-D021-4CEA-815F-E3C58EB73E36}.Debug|ARM.ActiveCfg = Debug|Any CPU
		{19F47E35-D021-4CEA-815F-E3C58EB73E36}.Debug|ARM.Build.0 = Debug|Any CPU
		{19F47E35-D021-4CEA-815F-E3C58EB73E36}.Debug|iPhone.ActiveCfg = Debug|Any CPU
		{19F47E35-D021-4CEA-815F-E3C58EB73E36}.Debug|iPhone.Build.0 = Debug|Any CPU
		{19F47E35-D021-4CEA-815F-E3C58EB73E36}.Debug|iPhoneSimulator.ActiveCfg = Debug|Any CPU
		{19F47E35-D021-4CEA-815F-E3C58EB73E36}.Debug|iPhoneSimulator.Build.0 = Debug|Any CPU
		{19F47E35-D021-4CEA-815F-E3C58EB73E36}.Debug|x64.ActiveCfg = Debug|Any CPU
		{19F47E35-D021-4CEA-815F-E3C58EB73E36}.Debug|x64.Build.0 = Debug|Any CPU
		{19F47E35-D021-4CEA-815F-E3C58EB73E36}.Debug|x86.ActiveCfg = Debug|Any CPU
		{19F47E35-D021-4CEA-815F-E3C58EB73E36}.Debug|x86.Build.0 = Debug|Any CPU
		{19F47E35-D021-4CEA-815F-E3C58EB73E36}.Release|Any CPU.ActiveCfg = Release|Any CPU
		{19F47E35-D021-4CEA-815F-E3C58EB73E36}.Release|Any CPU.Build.0 = Release|Any CPU
		{19F47E35-D021-4CEA-815F-E3C58EB73E36}.Release|ARM.ActiveCfg = Release|Any CPU
		{19F47E35-D021-4CEA-815F-E3C58EB73E36}.Release|ARM.Build.0 = Release|Any CPU
		{19F47E35-D021-4CEA-815F-E3C58EB73E36}.Release|iPhone.ActiveCfg = Release|Any CPU
		{19F47E35-D021-4CEA-815F-E3C58EB73E36}.Release|iPhone.Build.0 = Release|Any CPU
		{19F47E35-D021-4CEA-815F-E3C58EB73E36}.Release|iPhoneSimulator.ActiveCfg = Release|Any CPU
		{19F47E35-D021-4CEA-815F-E3C58EB73E36}.Release|iPhoneSimulator.Build.0 = Release|Any CPU
		{19F47E35-D021-4CEA-815F-E3C58EB73E36}.Release|x64.ActiveCfg = Release|Any CPU
		{19F47E35-D021-4CEA-815F-E3C58EB73E36}.Release|x64.Build.0 = Release|Any CPU
		{19F47E35-D021-4CEA-815F-E3C58EB73E36}.Release|x86.ActiveCfg = Release|Any CPU
		{19F47E35-D021-4CEA-815F-E3C58EB73E36}.Release|x86.Build.0 = Release|Any CPU
	EndGlobalSection
	GlobalSection(SolutionProperties) = preSolution
		HideSolutionNode = FALSE
	EndGlobalSection
EndGlobal
